// !$*UTF8*$!
{
	archiveVersion = 1;
	classes = {
	};
	objectVersion = 51;
	objects = {

/* Begin PBXBuildFile section */
		B373B94F4E2946DC5818DD8B /* Pods_Flix_FlixUITests.framework in Frameworks */ = {isa = PBXBuildFile; fileRef = 7532B840B491E8897BF6B2C3 /* Pods_Flix_FlixUITests.framework */; };
		EC923A18B37B26FA0AECF115 /* Pods_Flix.framework in Frameworks */ = {isa = PBXBuildFile; fileRef = 363863703557F6095892D36E /* Pods_Flix.framework */; };
		FE367F5C25E6B0A4008185C2 /* MovieDetailsViewController.swift in Sources */ = {isa = PBXBuildFile; fileRef = FE367F5B25E6B0A4008185C2 /* MovieDetailsViewController.swift */; };
		FE367F6125E6BDB0008185C2 /* MovieGridViewController.swift in Sources */ = {isa = PBXBuildFile; fileRef = FE367F6025E6BDAF008185C2 /* MovieGridViewController.swift */; };
		FE367F6625E6C190008185C2 /* movieGridCell.swift in Sources */ = {isa = PBXBuildFile; fileRef = FE367F6525E6C190008185C2 /* movieGridCell.swift */; };
		FEDFD1D325D85A3D00E40F04 /* AppDelegate.swift in Sources */ = {isa = PBXBuildFile; fileRef = FEDFD1D225D85A3D00E40F04 /* AppDelegate.swift */; };
		FEDFD1D525D85A3D00E40F04 /* SceneDelegate.swift in Sources */ = {isa = PBXBuildFile; fileRef = FEDFD1D425D85A3D00E40F04 /* SceneDelegate.swift */; };
		FEDFD1D725D85A3D00E40F04 /* ViewController.swift in Sources */ = {isa = PBXBuildFile; fileRef = FEDFD1D625D85A3D00E40F04 /* ViewController.swift */; };
		FEDFD1DA25D85A3D00E40F04 /* Main.storyboard in Resources */ = {isa = PBXBuildFile; fileRef = FEDFD1D825D85A3D00E40F04 /* Main.storyboard */; };
		FEDFD1DC25D85A4500E40F04 /* Assets.xcassets in Resources */ = {isa = PBXBuildFile; fileRef = FEDFD1DB25D85A4500E40F04 /* Assets.xcassets */; };
		FEDFD1DF25D85A4500E40F04 /* LaunchScreen.storyboard in Resources */ = {isa = PBXBuildFile; fileRef = FEDFD1DD25D85A4500E40F04 /* LaunchScreen.storyboard */; };
		FEDFD1EA25D85A4500E40F04 /* FlixTests.swift in Sources */ = {isa = PBXBuildFile; fileRef = FEDFD1E925D85A4500E40F04 /* FlixTests.swift */; };
		FEDFD1F525D85A4500E40F04 /* FlixUITests.swift in Sources */ = {isa = PBXBuildFile; fileRef = FEDFD1F425D85A4500E40F04 /* FlixUITests.swift */; };
		FEDFD20625DD831E00E40F04 /* MovieCell.swift in Sources */ = {isa = PBXBuildFile; fileRef = FEDFD20525DD831E00E40F04 /* MovieCell.swift */; };
		FF9A7F3548233EC70909208A /* Pods_FlixTests.framework in Frameworks */ = {isa = PBXBuildFile; fileRef = 41C4AA4F23B55E244D72B946 /* Pods_FlixTests.framework */; };
/* End PBXBuildFile section */

/* Begin PBXContainerItemProxy section */
		FEDFD1E625D85A4500E40F04 /* PBXContainerItemProxy */ = {
			isa = PBXContainerItemProxy;
			containerPortal = FEDFD1C725D85A3C00E40F04 /* Project object */;
			proxyType = 1;
			remoteGlobalIDString = FEDFD1CE25D85A3D00E40F04;
			remoteInfo = Flix;
		};
		FEDFD1F125D85A4500E40F04 /* PBXContainerItemProxy */ = {
			isa = PBXContainerItemProxy;
			containerPortal = FEDFD1C725D85A3C00E40F04 /* Project object */;
			proxyType = 1;
			remoteGlobalIDString = FEDFD1CE25D85A3D00E40F04;
			remoteInfo = Flix;
		};
/* End PBXContainerItemProxy section */

/* Begin PBXFileReference section */
		2A113123F20830567D6AAF13 /* Pods-Flix-FlixUITests.release.xcconfig */ = {isa = PBXFileReference; includeInIndex = 1; lastKnownFileType = text.xcconfig; name = "Pods-Flix-FlixUITests.release.xcconfig"; path = "Target Support Files/Pods-Flix-FlixUITests/Pods-Flix-FlixUITests.release.xcconfig"; sourceTree = "<group>"; };
		363863703557F6095892D36E /* Pods_Flix.framework */ = {isa = PBXFileReference; explicitFileType = wrapper.framework; includeInIndex = 0; path = Pods_Flix.framework; sourceTree = BUILT_PRODUCTS_DIR; };
		41C4AA4F23B55E244D72B946 /* Pods_FlixTests.framework */ = {isa = PBXFileReference; explicitFileType = wrapper.framework; includeInIndex = 0; path = Pods_FlixTests.framework; sourceTree = BUILT_PRODUCTS_DIR; };
		5656890E31DB452271696395 /* Pods-Flix.debug.xcconfig */ = {isa = PBXFileReference; includeInIndex = 1; lastKnownFileType = text.xcconfig; name = "Pods-Flix.debug.xcconfig"; path = "Target Support Files/Pods-Flix/Pods-Flix.debug.xcconfig"; sourceTree = "<group>"; };
		6018C877AD68F2F940CFA91B /* Pods-Flix.release.xcconfig */ = {isa = PBXFileReference; includeInIndex = 1; lastKnownFileType = text.xcconfig; name = "Pods-Flix.release.xcconfig"; path = "Target Support Files/Pods-Flix/Pods-Flix.release.xcconfig"; sourceTree = "<group>"; };
		7532B840B491E8897BF6B2C3 /* Pods_Flix_FlixUITests.framework */ = {isa = PBXFileReference; explicitFileType = wrapper.framework; includeInIndex = 0; path = Pods_Flix_FlixUITests.framework; sourceTree = BUILT_PRODUCTS_DIR; };
		CBB99B163B1ECEC53C2F34B2 /* Pods-Flix-FlixUITests.debug.xcconfig */ = {isa = PBXFileReference; includeInIndex = 1; lastKnownFileType = text.xcconfig; name = "Pods-Flix-FlixUITests.debug.xcconfig"; path = "Target Support Files/Pods-Flix-FlixUITests/Pods-Flix-FlixUITests.debug.xcconfig"; sourceTree = "<group>"; };
		CCAFF932DE2CCF0778F16B59 /* Pods-FlixTests.debug.xcconfig */ = {isa = PBXFileReference; includeInIndex = 1; lastKnownFileType = text.xcconfig; name = "Pods-FlixTests.debug.xcconfig"; path = "Target Support Files/Pods-FlixTests/Pods-FlixTests.debug.xcconfig"; sourceTree = "<group>"; };
		D626159C72F6340DF4BEC7A2 /* Pods-FlixTests.release.xcconfig */ = {isa = PBXFileReference; includeInIndex = 1; lastKnownFileType = text.xcconfig; name = "Pods-FlixTests.release.xcconfig"; path = "Target Support Files/Pods-FlixTests/Pods-FlixTests.release.xcconfig"; sourceTree = "<group>"; };
		FE367F5B25E6B0A4008185C2 /* MovieDetailsViewController.swift */ = {isa = PBXFileReference; lastKnownFileType = sourcecode.swift; path = MovieDetailsViewController.swift; sourceTree = "<group>"; };
		FE367F6025E6BDAF008185C2 /* MovieGridViewController.swift */ = {isa = PBXFileReference; lastKnownFileType = sourcecode.swift; path = MovieGridViewController.swift; sourceTree = "<group>"; };
		FE367F6525E6C190008185C2 /* movieGridCell.swift */ = {isa = PBXFileReference; lastKnownFileType = sourcecode.swift; path = movieGridCell.swift; sourceTree = "<group>"; };
		FEDFD1CF25D85A3D00E40F04 /* Flix.app */ = {isa = PBXFileReference; explicitFileType = wrapper.application; includeInIndex = 0; path = Flix.app; sourceTree = BUILT_PRODUCTS_DIR; };
		FEDFD1D225D85A3D00E40F04 /* AppDelegate.swift */ = {isa = PBXFileReference; lastKnownFileType = sourcecode.swift; path = AppDelegate.swift; sourceTree = "<group>"; };
		FEDFD1D425D85A3D00E40F04 /* SceneDelegate.swift */ = {isa = PBXFileReference; lastKnownFileType = sourcecode.swift; path = SceneDelegate.swift; sourceTree = "<group>"; };
		FEDFD1D625D85A3D00E40F04 /* ViewController.swift */ = {isa = PBXFileReference; lastKnownFileType = sourcecode.swift; path = ViewController.swift; sourceTree = "<group>"; };
		FEDFD1D925D85A3D00E40F04 /* Base */ = {isa = PBXFileReference; lastKnownFileType = file.storyboard; name = Base; path = Base.lproj/Main.storyboard; sourceTree = "<group>"; };
		FEDFD1DB25D85A4500E40F04 /* Assets.xcassets */ = {isa = PBXFileReference; lastKnownFileType = folder.assetcatalog; path = Assets.xcassets; sourceTree = "<group>"; };
		FEDFD1DE25D85A4500E40F04 /* Base */ = {isa = PBXFileReference; lastKnownFileType = file.storyboard; name = Base; path = Base.lproj/LaunchScreen.storyboard; sourceTree = "<group>"; };
		FEDFD1E025D85A4500E40F04 /* Info.plist */ = {isa = PBXFileReference; lastKnownFileType = text.plist.xml; path = Info.plist; sourceTree = "<group>"; };
		FEDFD1E525D85A4500E40F04 /* FlixTests.xctest */ = {isa = PBXFileReference; explicitFileType = wrapper.cfbundle; includeInIndex = 0; path = FlixTests.xctest; sourceTree = BUILT_PRODUCTS_DIR; };
		FEDFD1E925D85A4500E40F04 /* FlixTests.swift */ = {isa = PBXFileReference; lastKnownFileType = sourcecode.swift; path = FlixTests.swift; sourceTree = "<group>"; };
		FEDFD1EB25D85A4500E40F04 /* Info.plist */ = {isa = PBXFileReference; lastKnownFileType = text.plist.xml; path = Info.plist; sourceTree = "<group>"; };
		FEDFD1F025D85A4500E40F04 /* FlixUITests.xctest */ = {isa = PBXFileReference; explicitFileType = wrapper.cfbundle; includeInIndex = 0; path = FlixUITests.xctest; sourceTree = BUILT_PRODUCTS_DIR; };
		FEDFD1F425D85A4500E40F04 /* FlixUITests.swift */ = {isa = PBXFileReference; lastKnownFileType = sourcecode.swift; path = FlixUITests.swift; sourceTree = "<group>"; };
		FEDFD1F625D85A4500E40F04 /* Info.plist */ = {isa = PBXFileReference; lastKnownFileType = text.plist.xml; path = Info.plist; sourceTree = "<group>"; };
		FEDFD20525DD831E00E40F04 /* MovieCell.swift */ = {isa = PBXFileReference; lastKnownFileType = sourcecode.swift; path = MovieCell.swift; sourceTree = "<group>"; };
/* End PBXFileReference section */

/* Begin PBXFrameworksBuildPhase section */
		FEDFD1CC25D85A3D00E40F04 /* Frameworks */ = {
			isa = PBXFrameworksBuildPhase;
			buildActionMask = 2147483647;
			files = (
				EC923A18B37B26FA0AECF115 /* Pods_Flix.framework in Frameworks */,
			);
			runOnlyForDeploymentPostprocessing = 0;
		};
		FEDFD1E225D85A4500E40F04 /* Frameworks */ = {
			isa = PBXFrameworksBuildPhase;
			buildActionMask = 2147483647;
			files = (
				FF9A7F3548233EC70909208A /* Pods_FlixTests.framework in Frameworks */,
			);
			runOnlyForDeploymentPostprocessing = 0;
		};
		FEDFD1ED25D85A4500E40F04 /* Frameworks */ = {
			isa = PBXFrameworksBuildPhase;
			buildActionMask = 2147483647;
			files = (
				B373B94F4E2946DC5818DD8B /* Pods_Flix_FlixUITests.framework in Frameworks */,
			);
			runOnlyForDeploymentPostprocessing = 0;
		};
/* End PBXFrameworksBuildPhase section */

/* Begin PBXGroup section */
		5A5E2F990B718D9F2A80E42A /* Frameworks */ = {
			isa = PBXGroup;
			children = (
				363863703557F6095892D36E /* Pods_Flix.framework */,
				7532B840B491E8897BF6B2C3 /* Pods_Flix_FlixUITests.framework */,
				41C4AA4F23B55E244D72B946 /* Pods_FlixTests.framework */,
			);
			name = Frameworks;
			sourceTree = "<group>";
		};
		B11F8BE812E04CC7A14F1D9F /* Pods */ = {
			isa = PBXGroup;
			children = (
				5656890E31DB452271696395 /* Pods-Flix.debug.xcconfig */,
				6018C877AD68F2F940CFA91B /* Pods-Flix.release.xcconfig */,
				CBB99B163B1ECEC53C2F34B2 /* Pods-Flix-FlixUITests.debug.xcconfig */,
				2A113123F20830567D6AAF13 /* Pods-Flix-FlixUITests.release.xcconfig */,
				CCAFF932DE2CCF0778F16B59 /* Pods-FlixTests.debug.xcconfig */,
				D626159C72F6340DF4BEC7A2 /* Pods-FlixTests.release.xcconfig */,
			);
			path = Pods;
			sourceTree = "<group>";
		};
		FEDFD1C625D85A3C00E40F04 = {
			isa = PBXGroup;
			children = (
				FEDFD1D125D85A3D00E40F04 /* Flix */,
				FEDFD1E825D85A4500E40F04 /* FlixTests */,
				FEDFD1F325D85A4500E40F04 /* FlixUITests */,
				FEDFD1D025D85A3D00E40F04 /* Products */,
				B11F8BE812E04CC7A14F1D9F /* Pods */,
				5A5E2F990B718D9F2A80E42A /* Frameworks */,
			);
			sourceTree = "<group>";
		};
		FEDFD1D025D85A3D00E40F04 /* Products */ = {
			isa = PBXGroup;
			children = (
				FEDFD1CF25D85A3D00E40F04 /* Flix.app */,
				FEDFD1E525D85A4500E40F04 /* FlixTests.xctest */,
				FEDFD1F025D85A4500E40F04 /* FlixUITests.xctest */,
			);
			name = Products;
			sourceTree = "<group>";
		};
		FEDFD1D125D85A3D00E40F04 /* Flix */ = {
			isa = PBXGroup;
			children = (
				FEDFD1D225D85A3D00E40F04 /* AppDelegate.swift */,
				FEDFD1D425D85A3D00E40F04 /* SceneDelegate.swift */,
				FEDFD1D625D85A3D00E40F04 /* ViewController.swift */,
				FE367F5B25E6B0A4008185C2 /* MovieDetailsViewController.swift */,
				FE367F6025E6BDAF008185C2 /* MovieGridViewController.swift */,
				FEDFD1D825D85A3D00E40F04 /* Main.storyboard */,
				FE367F6525E6C190008185C2 /* movieGridCell.swift */,
				FEDFD20525DD831E00E40F04 /* MovieCell.swift */,
				FEDFD1DB25D85A4500E40F04 /* Assets.xcassets */,
				FEDFD1DD25D85A4500E40F04 /* LaunchScreen.storyboard */,
				FEDFD1E025D85A4500E40F04 /* Info.plist */,
			);
			path = Flix;
			sourceTree = "<group>";
		};
		FEDFD1E825D85A4500E40F04 /* FlixTests */ = {
			isa = PBXGroup;
			children = (
				FEDFD1E925D85A4500E40F04 /* FlixTests.swift */,
				FEDFD1EB25D85A4500E40F04 /* Info.plist */,
			);
			path = FlixTests;
			sourceTree = "<group>";
		};
		FEDFD1F325D85A4500E40F04 /* FlixUITests */ = {
			isa = PBXGroup;
			children = (
				FEDFD1F425D85A4500E40F04 /* FlixUITests.swift */,
				FEDFD1F625D85A4500E40F04 /* Info.plist */,
			);
			path = FlixUITests;
			sourceTree = "<group>";
		};
/* End PBXGroup section */

/* Begin PBXNativeTarget section */
		FEDFD1CE25D85A3D00E40F04 /* Flix */ = {
			isa = PBXNativeTarget;
			buildConfigurationList = FEDFD1F925D85A4500E40F04 /* Build configuration list for PBXNativeTarget "Flix" */;
			buildPhases = (
				A047C1471146098290F00072 /* [CP] Check Pods Manifest.lock */,
				FEDFD1CB25D85A3D00E40F04 /* Sources */,
				FEDFD1CC25D85A3D00E40F04 /* Frameworks */,
				FEDFD1CD25D85A3D00E40F04 /* Resources */,
				E9355E9772993994EC4EE006 /* [CP] Embed Pods Frameworks */,
			);
			buildRules = (
			);
			dependencies = (
			);
			name = Flix;
			productName = Flix;
			productReference = FEDFD1CF25D85A3D00E40F04 /* Flix.app */;
			productType = "com.apple.product-type.application";
		};
		FEDFD1E425D85A4500E40F04 /* FlixTests */ = {
			isa = PBXNativeTarget;
			buildConfigurationList = FEDFD1FC25D85A4500E40F04 /* Build configuration list for PBXNativeTarget "FlixTests" */;
			buildPhases = (
				B22A223FBBD4D4142E62679E /* [CP] Check Pods Manifest.lock */,
				FEDFD1E125D85A4500E40F04 /* Sources */,
				FEDFD1E225D85A4500E40F04 /* Frameworks */,
				FEDFD1E325D85A4500E40F04 /* Resources */,
			);
			buildRules = (
			);
			dependencies = (
				FEDFD1E725D85A4500E40F04 /* PBXTargetDependency */,
			);
			name = FlixTests;
			productName = FlixTests;
			productReference = FEDFD1E525D85A4500E40F04 /* FlixTests.xctest */;
			productType = "com.apple.product-type.bundle.unit-test";
		};
		FEDFD1EF25D85A4500E40F04 /* FlixUITests */ = {
			isa = PBXNativeTarget;
			buildConfigurationList = FEDFD1FF25D85A4500E40F04 /* Build configuration list for PBXNativeTarget "FlixUITests" */;
			buildPhases = (
				145DDD0354CFC9FCD05FED06 /* [CP] Check Pods Manifest.lock */,
				FEDFD1EC25D85A4500E40F04 /* Sources */,
				FEDFD1ED25D85A4500E40F04 /* Frameworks */,
				FEDFD1EE25D85A4500E40F04 /* Resources */,
				9F84620BA88A3E90428C7ED7 /* [CP] Embed Pods Frameworks */,
			);
			buildRules = (
			);
			dependencies = (
				FEDFD1F225D85A4500E40F04 /* PBXTargetDependency */,
			);
			name = FlixUITests;
			productName = FlixUITests;
			productReference = FEDFD1F025D85A4500E40F04 /* FlixUITests.xctest */;
			productType = "com.apple.product-type.bundle.ui-testing";
		};
/* End PBXNativeTarget section */

/* Begin PBXProject section */
		FEDFD1C725D85A3C00E40F04 /* Project object */ = {
			isa = PBXProject;
			attributes = {
				LastSwiftUpdateCheck = 1200;
				LastUpgradeCheck = 1200;
				TargetAttributes = {
					FEDFD1CE25D85A3D00E40F04 = {
						CreatedOnToolsVersion = 12.0;
					};
					FEDFD1E425D85A4500E40F04 = {
						CreatedOnToolsVersion = 12.0;
						TestTargetID = FEDFD1CE25D85A3D00E40F04;
					};
					FEDFD1EF25D85A4500E40F04 = {
						CreatedOnToolsVersion = 12.0;
						TestTargetID = FEDFD1CE25D85A3D00E40F04;
					};
				};
			};
			buildConfigurationList = FEDFD1CA25D85A3C00E40F04 /* Build configuration list for PBXProject "Flix" */;
			compatibilityVersion = "Xcode 9.3";
			developmentRegion = en;
			hasScannedForEncodings = 0;
			knownRegions = (
				en,
				Base,
			);
			mainGroup = FEDFD1C625D85A3C00E40F04;
			productRefGroup = FEDFD1D025D85A3D00E40F04 /* Products */;
			projectDirPath = "";
			projectRoot = "";
			targets = (
				FEDFD1CE25D85A3D00E40F04 /* Flix */,
				FEDFD1E425D85A4500E40F04 /* FlixTests */,
				FEDFD1EF25D85A4500E40F04 /* FlixUITests */,
			);
		};
/* End PBXProject section */

/* Begin PBXResourcesBuildPhase section */
		FEDFD1CD25D85A3D00E40F04 /* Resources */ = {
			isa = PBXResourcesBuildPhase;
			buildActionMask = 2147483647;
			files = (
				FEDFD1DF25D85A4500E40F04 /* LaunchScreen.storyboard in Resources */,
				FEDFD1DC25D85A4500E40F04 /* Assets.xcassets in Resources */,
				FEDFD1DA25D85A3D00E40F04 /* Main.storyboard in Resources */,
			);
			runOnlyForDeploymentPostprocessing = 0;
		};
		FEDFD1E325D85A4500E40F04 /* Resources */ = {
			isa = PBXResourcesBuildPhase;
			buildActionMask = 2147483647;
			files = (
			);
			runOnlyForDeploymentPostprocessing = 0;
		};
		FEDFD1EE25D85A4500E40F04 /* Resources */ = {
			isa = PBXResourcesBuildPhase;
			buildActionMask = 2147483647;
			files = (
			);
			runOnlyForDeploymentPostprocessing = 0;
		};
/* End PBXResourcesBuildPhase section */

/* Begin PBXShellScriptBuildPhase section */
		145DDD0354CFC9FCD05FED06 /* [CP] Check Pods Manifest.lock */ = {
			isa = PBXShellScriptBuildPhase;
			buildActionMask = 2147483647;
			files = (
			);
			inputFileListPaths = (
			);
			inputPaths = (
				"${PODS_PODFILE_DIR_PATH}/Podfile.lock",
				"${PODS_ROOT}/Manifest.lock",
			);
			name = "[CP] Check Pods Manifest.lock";
			outputFileListPaths = (
			);
			outputPaths = (
				"$(DERIVED_FILE_DIR)/Pods-Flix-FlixUITests-checkManifestLockResult.txt",
			);
			runOnlyForDeploymentPostprocessing = 0;
			shellPath = /bin/sh;
			shellScript = "diff \"${PODS_PODFILE_DIR_PATH}/Podfile.lock\" \"${PODS_ROOT}/Manifest.lock\" > /dev/null\nif [ $? != 0 ] ; then\n    # print error to STDERR\n    echo \"error: The sandbox is not in sync with the Podfile.lock. Run 'pod install' or update your CocoaPods installation.\" >&2\n    exit 1\nfi\n# This output is used by Xcode 'outputs' to avoid re-running this script phase.\necho \"SUCCESS\" > \"${SCRIPT_OUTPUT_FILE_0}\"\n";
			showEnvVarsInLog = 0;
		};
		9F84620BA88A3E90428C7ED7 /* [CP] Embed Pods Frameworks */ = {
			isa = PBXShellScriptBuildPhase;
			buildActionMask = 2147483647;
			files = (
			);
			inputFileListPaths = (
				"${PODS_ROOT}/Target Support Files/Pods-Flix-FlixUITests/Pods-Flix-FlixUITests-frameworks-${CONFIGURATION}-input-files.xcfilelist",
			);
			name = "[CP] Embed Pods Frameworks";
			outputFileListPaths = (
				"${PODS_ROOT}/Target Support Files/Pods-Flix-FlixUITests/Pods-Flix-FlixUITests-frameworks-${CONFIGURATION}-output-files.xcfilelist",
			);
			runOnlyForDeploymentPostprocessing = 0;
			shellPath = /bin/sh;
			shellScript = "\"${PODS_ROOT}/Target Support Files/Pods-Flix-FlixUITests/Pods-Flix-FlixUITests-frameworks.sh\"\n";
			showEnvVarsInLog = 0;
		};
		A047C1471146098290F00072 /* [CP] Check Pods Manifest.lock */ = {
			isa = PBXShellScriptBuildPhase;
			buildActionMask = 2147483647;
			files = (
			);
			inputFileListPaths = (
			);
			inputPaths = (
				"${PODS_PODFILE_DIR_PATH}/Podfile.lock",
				"${PODS_ROOT}/Manifest.lock",
			);
			name = "[CP] Check Pods Manifest.lock";
			outputFileListPaths = (
			);
			outputPaths = (
				"$(DERIVED_FILE_DIR)/Pods-Flix-checkManifestLockResult.txt",
			);
			runOnlyForDeploymentPostprocessing = 0;
			shellPath = /bin/sh;
			shellScript = "diff \"${PODS_PODFILE_DIR_PATH}/Podfile.lock\" \"${PODS_ROOT}/Manifest.lock\" > /dev/null\nif [ $? != 0 ] ; then\n    # print error to STDERR\n    echo \"error: The sandbox is not in sync with the Podfile.lock. Run 'pod install' or update your CocoaPods installation.\" >&2\n    exit 1\nfi\n# This output is used by Xcode 'outputs' to avoid re-running this script phase.\necho \"SUCCESS\" > \"${SCRIPT_OUTPUT_FILE_0}\"\n";
			showEnvVarsInLog = 0;
		};
		B22A223FBBD4D4142E62679E /* [CP] Check Pods Manifest.lock */ = {
			isa = PBXShellScriptBuildPhase;
			buildActionMask = 2147483647;
			files = (
			);
			inputFileListPaths = (
			);
			inputPaths = (
				"${PODS_PODFILE_DIR_PATH}/Podfile.lock",
				"${PODS_ROOT}/Manifest.lock",
			);
			name = "[CP] Check Pods Manifest.lock";
			outputFileListPaths = (
			);
			outputPaths = (
				"$(DERIVED_FILE_DIR)/Pods-FlixTests-checkManifestLockResult.txt",
			);
			runOnlyForDeploymentPostprocessing = 0;
			shellPath = /bin/sh;
			shellScript = "diff \"${PODS_PODFILE_DIR_PATH}/Podfile.lock\" \"${PODS_ROOT}/Manifest.lock\" > /dev/null\nif [ $? != 0 ] ; then\n    # print error to STDERR\n    echo \"error: The sandbox is not in sync with the Podfile.lock. Run 'pod install' or update your CocoaPods installation.\" >&2\n    exit 1\nfi\n# This output is used by Xcode 'outputs' to avoid re-running this script phase.\necho \"SUCCESS\" > \"${SCRIPT_OUTPUT_FILE_0}\"\n";
			showEnvVarsInLog = 0;
		};
		E9355E9772993994EC4EE006 /* [CP] Embed Pods Frameworks */ = {
			isa = PBXShellScriptBuildPhase;
			buildActionMask = 2147483647;
			files = (
			);
			inputFileListPaths = (
				"${PODS_ROOT}/Target Support Files/Pods-Flix/Pods-Flix-frameworks-${CONFIGURATION}-input-files.xcfilelist",
			);
			name = "[CP] Embed Pods Frameworks";
			outputFileListPaths = (
				"${PODS_ROOT}/Target Support Files/Pods-Flix/Pods-Flix-frameworks-${CONFIGURATION}-output-files.xcfilelist",
			);
			runOnlyForDeploymentPostprocessing = 0;
			shellPath = /bin/sh;
			shellScript = "\"${PODS_ROOT}/Target Support Files/Pods-Flix/Pods-Flix-frameworks.sh\"\n";
			showEnvVarsInLog = 0;
		};
/* End PBXShellScriptBuildPhase section */

/* Begin PBXSourcesBuildPhase section */
		FEDFD1CB25D85A3D00E40F04 /* Sources */ = {
			isa = PBXSourcesBuildPhase;
			buildActionMask = 2147483647;
			files = (
				FE367F5C25E6B0A4008185C2 /* MovieDetailsViewController.swift in Sources */,
				FEDFD1D725D85A3D00E40F04 /* ViewController.swift in Sources */,
				FEDFD1D325D85A3D00E40F04 /* AppDelegate.swift in Sources */,
				FEDFD20625DD831E00E40F04 /* MovieCell.swift in Sources */,
				FEDFD1D525D85A3D00E40F04 /* SceneDelegate.swift in Sources */,
				FE367F6125E6BDB0008185C2 /* MovieGridViewController.swift in Sources */,
				FE367F6625E6C190008185C2 /* movieGridCell.swift in Sources */,
			);
			runOnlyForDeploymentPostprocessing = 0;
		};
		FEDFD1E125D85A4500E40F04 /* Sources */ = {
			isa = PBXSourcesBuildPhase;
			buildActionMask = 2147483647;
			files = (
				FEDFD1EA25D85A4500E40F04 /* FlixTests.swift in Sources */,
			);
			runOnlyForDeploymentPostprocessing = 0;
		};
		FEDFD1EC25D85A4500E40F04 /* Sources */ = {
			isa = PBXSourcesBuildPhase;
			buildActionMask = 2147483647;
			files = (
				FEDFD1F525D85A4500E40F04 /* FlixUITests.swift in Sources */,
			);
			runOnlyForDeploymentPostprocessing = 0;
		};
/* End PBXSourcesBuildPhase section */

/* Begin PBXTargetDependency section */
		FEDFD1E725D85A4500E40F04 /* PBXTargetDependency */ = {
			isa = PBXTargetDependency;
			target = FEDFD1CE25D85A3D00E40F04 /* Flix */;
			targetProxy = FEDFD1E625D85A4500E40F04 /* PBXContainerItemProxy */;
		};
		FEDFD1F225D85A4500E40F04 /* PBXTargetDependency */ = {
			isa = PBXTargetDependency;
			target = FEDFD1CE25D85A3D00E40F04 /* Flix */;
			targetProxy = FEDFD1F125D85A4500E40F04 /* PBXContainerItemProxy */;
		};
/* End PBXTargetDependency section */

/* Begin PBXVariantGroup section */
		FEDFD1D825D85A3D00E40F04 /* Main.storyboard */ = {
			isa = PBXVariantGroup;
			children = (
				FEDFD1D925D85A3D00E40F04 /* Base */,
			);
			name = Main.storyboard;
			sourceTree = "<group>";
		};
		FEDFD1DD25D85A4500E40F04 /* LaunchScreen.storyboard */ = {
			isa = PBXVariantGroup;
			children = (
				FEDFD1DE25D85A4500E40F04 /* Base */,
			);
			name = LaunchScreen.storyboard;
			sourceTree = "<group>";
		};
/* End PBXVariantGroup section */

/* Begin XCBuildConfiguration section */
		FEDFD1F725D85A4500E40F04 /* Debug */ = {
			isa = XCBuildConfiguration;
			buildSettings = {
				ALWAYS_SEARCH_USER_PATHS = NO;
				CLANG_ANALYZER_NONNULL = YES;
				CLANG_ANALYZER_NUMBER_OBJECT_CONVERSION = YES_AGGRESSIVE;
				CLANG_CXX_LANGUAGE_STANDARD = "gnu++14";
				CLANG_CXX_LIBRARY = "libc++";
				CLANG_ENABLE_MODULES = YES;
				CLANG_ENABLE_OBJC_ARC = YES;
				CLANG_ENABLE_OBJC_WEAK = YES;
				CLANG_WARN_BLOCK_CAPTURE_AUTORELEASING = YES;
				CLANG_WARN_BOOL_CONVERSION = YES;
				CLANG_WARN_COMMA = YES;
				CLANG_WARN_CONSTANT_CONVERSION = YES;
				CLANG_WARN_DEPRECATED_OBJC_IMPLEMENTATIONS = YES;
				CLANG_WARN_DIRECT_OBJC_ISA_USAGE = YES_ERROR;
				CLANG_WARN_DOCUMENTATION_COMMENTS = YES;
				CLANG_WARN_EMPTY_BODY = YES;
				CLANG_WARN_ENUM_CONVERSION = YES;
				CLANG_WARN_INFINITE_RECURSION = YES;
				CLANG_WARN_INT_CONVERSION = YES;
				CLANG_WARN_NON_LITERAL_NULL_CONVERSION = YES;
				CLANG_WARN_OBJC_IMPLICIT_RETAIN_SELF = YES;
				CLANG_WARN_OBJC_LITERAL_CONVERSION = YES;
				CLANG_WARN_OBJC_ROOT_CLASS = YES_ERROR;
				CLANG_WARN_QUOTED_INCLUDE_IN_FRAMEWORK_HEADER = YES;
				CLANG_WARN_RANGE_LOOP_ANALYSIS = YES;
				CLANG_WARN_STRICT_PROTOTYPES = YES;
				CLANG_WARN_SUSPICIOUS_MOVE = YES;
				CLANG_WARN_UNGUARDED_AVAILABILITY = YES_AGGRESSIVE;
				CLANG_WARN_UNREACHABLE_CODE = YES;
				CLANG_WARN__DUPLICATE_METHOD_MATCH = YES;
				COPY_PHASE_STRIP = NO;
				DEBUG_INFORMATION_FORMAT = dwarf;
				ENABLE_STRICT_OBJC_MSGSEND = YES;
				ENABLE_TESTABILITY = YES;
				GCC_C_LANGUAGE_STANDARD = gnu11;
				GCC_DYNAMIC_NO_PIC = NO;
				GCC_NO_COMMON_BLOCKS = YES;
				GCC_OPTIMIZATION_LEVEL = 0;
				GCC_PREPROCESSOR_DEFINITIONS = (
					"DEBUG=1",
					"$(inherited)",
				);
				GCC_WARN_64_TO_32_BIT_CONVERSION = YES;
				GCC_WARN_ABOUT_RETURN_TYPE = YES_ERROR;
				GCC_WARN_UNDECLARED_SELECTOR = YES;
				GCC_WARN_UNINITIALIZED_AUTOS = YES_AGGRESSIVE;
				GCC_WARN_UNUSED_FUNCTION = YES;
				GCC_WARN_UNUSED_VARIABLE = YES;
				IPHONEOS_DEPLOYMENT_TARGET = 14.0;
				MTL_ENABLE_DEBUG_INFO = INCLUDE_SOURCE;
				MTL_FAST_MATH = YES;
				ONLY_ACTIVE_ARCH = YES;
				SDKROOT = iphoneos;
				SWIFT_ACTIVE_COMPILATION_CONDITIONS = DEBUG;
				SWIFT_OPTIMIZATION_LEVEL = "-Onone";
			};
			name = Debug;
		};
		FEDFD1F825D85A4500E40F04 /* Release */ = {
			isa = XCBuildConfiguration;
			buildSettings = {
				ALWAYS_SEARCH_USER_PATHS = NO;
				CLANG_ANALYZER_NONNULL = YES;
				CLANG_ANALYZER_NUMBER_OBJECT_CONVERSION = YES_AGGRESSIVE;
				CLANG_CXX_LANGUAGE_STANDARD = "gnu++14";
				CLANG_CXX_LIBRARY = "libc++";
				CLANG_ENABLE_MODULES = YES;
				CLANG_ENABLE_OBJC_ARC = YES;
				CLANG_ENABLE_OBJC_WEAK = YES;
				CLANG_WARN_BLOCK_CAPTURE_AUTORELEASING = YES;
				CLANG_WARN_BOOL_CONVERSION = YES;
				CLANG_WARN_COMMA = YES;
				CLANG_WARN_CONSTANT_CONVERSION = YES;
				CLANG_WARN_DEPRECATED_OBJC_IMPLEMENTATIONS = YES;
				CLANG_WARN_DIRECT_OBJC_ISA_USAGE = YES_ERROR;
				CLANG_WARN_DOCUMENTATION_COMMENTS = YES;
				CLANG_WARN_EMPTY_BODY = YES;
				CLANG_WARN_ENUM_CONVERSION = YES;
				CLANG_WARN_INFINITE_RECURSION = YES;
				CLANG_WARN_INT_CONVERSION = YES;
				CLANG_WARN_NON_LITERAL_NULL_CONVERSION = YES;
				CLANG_WARN_OBJC_IMPLICIT_RETAIN_SELF = YES;
				CLANG_WARN_OBJC_LITERAL_CONVERSION = YES;
				CLANG_WARN_OBJC_ROOT_CLASS = YES_ERROR;
				CLANG_WARN_QUOTED_INCLUDE_IN_FRAMEWORK_HEADER = YES;
				CLANG_WARN_RANGE_LOOP_ANALYSIS = YES;
				CLANG_WARN_STRICT_PROTOTYPES = YES;
				CLANG_WARN_SUSPICIOUS_MOVE = YES;
				CLANG_WARN_UNGUARDED_AVAILABILITY = YES_AGGRESSIVE;
				CLANG_WARN_UNREACHABLE_CODE = YES;
				CLANG_WARN__DUPLICATE_METHOD_MATCH = YES;
				COPY_PHASE_STRIP = NO;
				DEBUG_INFORMATION_FORMAT = "dwarf-with-dsym";
				ENABLE_NS_ASSERTIONS = NO;
				ENABLE_STRICT_OBJC_MSGSEND = YES;
				GCC_C_LANGUAGE_STANDARD = gnu11;
				GCC_NO_COMMON_BLOCKS = YES;
				GCC_WARN_64_TO_32_BIT_CONVERSION = YES;
				GCC_WARN_ABOUT_RETURN_TYPE = YES_ERROR;
				GCC_WARN_UNDECLARED_SELECTOR = YES;
				GCC_WARN_UNINITIALIZED_AUTOS = YES_AGGRESSIVE;
				GCC_WARN_UNUSED_FUNCTION = YES;
				GCC_WARN_UNUSED_VARIABLE = YES;
				IPHONEOS_DEPLOYMENT_TARGET = 14.0;
				MTL_ENABLE_DEBUG_INFO = NO;
				MTL_FAST_MATH = YES;
				SDKROOT = iphoneos;
				SWIFT_COMPILATION_MODE = wholemodule;
				SWIFT_OPTIMIZATION_LEVEL = "-O";
				VALIDATE_PRODUCT = YES;
			};
			name = Release;
		};
		FEDFD1FA25D85A4500E40F04 /* Debug */ = {
			isa = XCBuildConfiguration;
			baseConfigurationReference = 5656890E31DB452271696395 /* Pods-Flix.debug.xcconfig */;
			buildSettings = {
				ASSETCATALOG_COMPILER_APPICON_NAME = AppIcon;
				ASSETCATALOG_COMPILER_GLOBAL_ACCENT_COLOR_NAME = AccentColor;
				CODE_SIGN_STYLE = Automatic;
				DEVELOPMENT_TEAM = GFNAQU384X;
				INFOPLIST_FILE = Flix/Info.plist;
				LD_RUNPATH_SEARCH_PATHS = (
					"$(inherited)",
					"@executable_path/Frameworks",
				);
				PRODUCT_BUNDLE_IDENTIFIER = Ryan.Flix;
				PRODUCT_NAME = "$(TARGET_NAME)";
				SWIFT_VERSION = 5.0;
				TARGETED_DEVICE_FAMILY = "1,2";
			};
			name = Debug;
		};
		FEDFD1FB25D85A4500E40F04 /* Release */ = {
			isa = XCBuildConfiguration;
			baseConfigurationReference = 6018C877AD68F2F940CFA91B /* Pods-Flix.release.xcconfig */;
			buildSettings = {
				ASSETCATALOG_COMPILER_APPICON_NAME = AppIcon;
				ASSETCATALOG_COMPILER_GLOBAL_ACCENT_COLOR_NAME = AccentColor;
				CODE_SIGN_STYLE = Automatic;
				DEVELOPMENT_TEAM = GFNAQU384X;
				INFOPLIST_FILE = Flix/Info.plist;
				LD_RUNPATH_SEARCH_PATHS = (
					"$(inherited)",
					"@executable_path/Frameworks",
				);
				PRODUCT_BUNDLE_IDENTIFIER = Ryan.Flix;
				PRODUCT_NAME = "$(TARGET_NAME)";
				SWIFT_VERSION = 5.0;
				TARGETED_DEVICE_FAMILY = "1,2";
			};
			name = Release;
		};
		FEDFD1FD25D85A4500E40F04 /* Debug */ = {
			isa = XCBuildConfiguration;
			baseConfigurationReference = CCAFF932DE2CCF0778F16B59 /* Pods-FlixTests.debug.xcconfig */;
			buildSettings = {
				ALWAYS_EMBED_SWIFT_STANDARD_LIBRARIES = YES;
				BUNDLE_LOADER = "$(TEST_HOST)";
				CODE_SIGN_STYLE = Automatic;
				DEVELOPMENT_TEAM = GFNAQU384X;
				INFOPLIST_FILE = FlixTests/Info.plist;
				IPHONEOS_DEPLOYMENT_TARGET = 14.0;
				LD_RUNPATH_SEARCH_PATHS = (
					"$(inherited)",
					"@executable_path/Frameworks",
					"@loader_path/Frameworks",
				);
				PRODUCT_BUNDLE_IDENTIFIER = Ryan.FlixTests;
				PRODUCT_NAME = "$(TARGET_NAME)";
				SWIFT_VERSION = 5.0;
				TARGETED_DEVICE_FAMILY = "1,2";
				TEST_HOST = "$(BUILT_PRODUCTS_DIR)/Flix.app/Flix";
			};
			name = Debug;
		};
		FEDFD1FE25D85A4500E40F04 /* Release */ = {
			isa = XCBuildConfiguration;
			baseConfigurationReference = D626159C72F6340DF4BEC7A2 /* Pods-FlixTests.release.xcconfig */;
			buildSettings = {
				ALWAYS_EMBED_SWIFT_STANDARD_LIBRARIES = YES;
				BUNDLE_LOADER = "$(TEST_HOST)";
				CODE_SIGN_STYLE = Automatic;
				DEVELOPMENT_TEAM = GFNAQU384X;
				INFOPLIST_FILE = FlixTests/Info.plist;
				IPHONEOS_DEPLOYMENT_TARGET = 14.0;
				LD_RUNPATH_SEARCH_PATHS = (
					"$(inherited)",
					"@executable_path/Frameworks",
					"@loader_path/Frameworks",
				);
				PRODUCT_BUNDLE_IDENTIFIER = Ryan.FlixTests;
				PRODUCT_NAME = "$(TARGET_NAME)";
				SWIFT_VERSION = 5.0;
				TARGETED_DEVICE_FAMILY = "1,2";
				TEST_HOST = "$(BUILT_PRODUCTS_DIR)/Flix.app/Flix";
			};
			name = Release;
		};
		FEDFD20025D85A4500E40F04 /* Debug */ = {
			isa = XCBuildConfiguration;
			baseConfigurationReference = CBB99B163B1ECEC53C2F34B2 /* Pods-Flix-FlixUITests.debug.xcconfig */;
			buildSettings = {
				ALWAYS_EMBED_SWIFT_STANDARD_LIBRARIES = YES;
				CODE_SIGN_STYLE = Automatic;
				DEVELOPMENT_TEAM = GFNAQU384X;
				INFOPLIST_FILE = FlixUITests/Info.plist;
				LD_RUNPATH_SEARCH_PATHS = (
					"$(inherited)",
					"@executable_path/Frameworks",
					"@loader_path/Frameworks",
				);
				PRODUCT_BUNDLE_IDENTIFIER = Ryan.FlixUITests;
				PRODUCT_NAME = "$(TARGET_NAME)";
				SWIFT_VERSION = 5.0;
				TARGETED_DEVICE_FAMILY = "1,2";
				TEST_TARGET_NAME = Flix;
			};
			name = Debug;
		};
		FEDFD20125D85A4500E40F04 /* Release */ = {
			isa = XCBuildConfiguration;
			baseConfigurationReference = 2A113123F20830567D6AAF13 /* Pods-Flix-FlixUITests.release.xcconfig */;
			buildSettings = {
				ALWAYS_EMBED_SWIFT_STANDARD_LIBRARIES = YES;
				CODE_SIGN_STYLE = Automatic;
				DEVELOPMENT_TEAM = GFNAQU384X;
				INFOPLIST_FILE = FlixUITests/Info.plist;
				LD_RUNPATH_SEARCH_PATHS = (
					"$(inherited)",
					"@executable_path/Frameworks",
					"@loader_path/Frameworks",
				);
				PRODUCT_BUNDLE_IDENTIFIER = Ryan.FlixUITests;
				PRODUCT_NAME = "$(TARGET_NAME)";
				SWIFT_VERSION = 5.0;
				TARGETED_DEVICE_FAMILY = "1,2";
				TEST_TARGET_NAME = Flix;
			};
			name = Release;
		};
/* End XCBuildConfiguration section */

/* Begin XCConfigurationList section */
		FEDFD1CA25D85A3C00E40F04 /* Build configuration list for PBXProject "Flix" */ = {
			isa = XCConfigurationList;
			buildConfigurations = (
				FEDFD1F725D85A4500E40F04 /* Debug */,
				FEDFD1F825D85A4500E40F04 /* Release */,
			);
			defaultConfigurationIsVisible = 0;
			defaultConfigurationName = Release;
		};
		FEDFD1F925D85A4500E40F04 /* Build configuration list for PBXNativeTarget "Flix" */ = {
			isa = XCConfigurationList;
			buildConfigurations = (
				FEDFD1FA25D85A4500E40F04 /* Debug */,
				FEDFD1FB25D85A4500E40F04 /* Release */,
			);
			defaultConfigurationIsVisible = 0;
			defaultConfigurationName = Release;
		};
		FEDFD1FC25D85A4500E40F04 /* Build configuration list for PBXNativeTarget "FlixTests" */ = {
			isa = XCConfigurationList;
			buildConfigurations = (
				FEDFD1FD25D85A4500E40F04 /* Debug */,
				FEDFD1FE25D85A4500E40F04 /* Release */,
			);
			defaultConfigurationIsVisible = 0;
			defaultConfigurationName = Release;
		};
		FEDFD1FF25D85A4500E40F04 /* Build configuration list for PBXNativeTarget "FlixUITests" */ = {
			isa = XCConfigurationList;
			buildConfigurations = (
				FEDFD20025D85A4500E40F04 /* Debug */,
				FEDFD20125D85A4500E40F04 /* Release */,
			);
			defaultConfigurationIsVisible = 0;
			defaultConfigurationName = Release;
		};
/* End XCConfigurationList section */
	};
	rootObject = FEDFD1C725D85A3C00E40F04 /* Project object */;
}
